{
  "name": "xueequ",
  "lockfileVersion": 3,
  "requires": true,
  "packages": {
    "": {
      "dependencies": {
        "bmap-draw": "^1.0.38"
      }
    },
    "node_modules/bmap-draw": {
      "version": "1.0.38",
      "resolved": "https://registry.npmjs.org/bmap-draw/-/bmap-draw-1.0.38.tgz",
      "integrity": "sha512-SVPZP/5N7NOrtQ3shAtVmhzWT9vHymwKvXoFwl5J5KPWGVQHvuaBzjS4vXl5ymQRrLreMqaColK8lv9kO0yuqg==",
      "license": "ISC"
    }
  }
}
